lockfileVersion: '9.0'

settings:
  autoInstallPeers: true
  excludeLinksFromLockfile: false

importers:

  .:
    dependencies:
      react-day-picker:
        specifier: ^9.8.1
        version: 9.8.1(react@19.1.1)

packages:

  '@date-fns/tz@1.4.1':
    resolution: {integrity: sha512-P5LUNhtbj6YfI3iJjw5EL9eUAG6OitD0W3fWQcpQjDRc/QIsL0tRNuO1PcDvPccWL1fSTXXdE1ds+l95DV/OFA==}

  date-fns-jalali@4.1.0-0:
    resolution: {integrity: sha512-hTIP/z+t+qKwBDcmmsnmjWTduxCg+5KfdqWQvb2X/8C9+knYY6epN/pfxdDuyVlSVeFz0sM5eEfwIUQ70U4ckg==}

  date-fns@4.1.0:
    resolution: {integrity: sha512-Ukq0owbQXxa/U3EGtsdVBkR1w7KOQ5gIBqdH2hkvknzZPYvBxb/aa6E8L7tmjFtkwZBu3UXBbjIgPo/Ez4xaNg==}

  react-day-picker@9.8.1:
    resolution: {integrity: sha512-kMcLrp3PfN/asVJayVv82IjF3iLOOxuH5TNFWezX6lS/T8iVRFPTETpHl3TUSTH99IDMZLubdNPJr++rQctkEw==}
    engines: {node: '>=18'}
    peerDependencies:
      react: '>=16.8.0'

  react@19.1.1:
    resolution: {integrity: sha512-w8nqGImo45dmMIfljjMwOGtbmC/mk4CMYhWIicdSflH91J9TyCyczcPFXJzrZ/ZXcgGRFeP6BU0BEJTw6tZdfQ==}
    engines: {node: '>=0.10.0'}

snapshots:

  '@date-fns/tz@1.4.1': {}

  date-fns-jalali@4.1.0-0: {}

  date-fns@4.1.0: {}

  react-day-picker@9.8.1(react@19.1.1):
    dependencies:
      '@date-fns/tz': 1.4.1
      date-fns: 4.1.0
      date-fns-jalali: 4.1.0-0
      react: 19.1.1

  react@19.1.1: {}
